// !$*UTF8*$!
{
	archiveVersion = 1;
	classes = {
	};
	objectVersion = 55;
	objects = {

/* Begin PBXBuildFile section */
		30511F50193A4959F89B3A8A /* Pods_QRArtGenerator_QRArtGeneratorUITests.framework in Frameworks */ = {isa = PBXBuildFile; fileRef = 62B48F6F4CC42D09ED51017D /* Pods_QRArtGenerator_QRArtGeneratorUITests.framework */; };
		55A72A218713257382CFB921 /* Pods_QRArtGeneratorTests.framework in Frameworks */ = {isa = PBXBuildFile; fileRef = 000E5BDC5B5105537F2E9B41 /* Pods_QRArtGeneratorTests.framework */; };
		59C7661E2A496E5F00D4BDD3 /* QRArtGeneratorApp.swift in Sources */ = {isa = PBXBuildFile; fileRef = 59C7661D2A496E5F00D4BDD3 /* QRArtGeneratorApp.swift */; };
		59C766222A496E6000D4BDD3 /* Assets.xcassets in Resources */ = {isa = PBXBuildFile; fileRef = 59C766212A496E6000D4BDD3 /* Assets.xcassets */; };
		59C766252A496E6000D4BDD3 /* Preview Assets.xcassets in Resources */ = {isa = PBXBuildFile; fileRef = 59C766242A496E6000D4BDD3 /* Preview Assets.xcassets */; };
		59C7662F2A496E6000D4BDD3 /* QRArtGeneratorTests.swift in Sources */ = {isa = PBXBuildFile; fileRef = 59C7662E2A496E6000D4BDD3 /* QRArtGeneratorTests.swift */; };
		59C766392A496E6000D4BDD3 /* QRArtGeneratorUITests.swift in Sources */ = {isa = PBXBuildFile; fileRef = 59C766382A496E6000D4BDD3 /* QRArtGeneratorUITests.swift */; };
		59C7663B2A496E6000D4BDD3 /* QRArtGeneratorUITestsLaunchTests.swift in Sources */ = {isa = PBXBuildFile; fileRef = 59C7663A2A496E6000D4BDD3 /* QRArtGeneratorUITestsLaunchTests.swift */; };
		9ABC4DA52A4BDF51002646DA /* ai_tab.json in Resources */ = {isa = PBXBuildFile; fileRef = 9ABC4DA42A4BDF51002646DA /* ai_tab.json */; };
		9AD522812A4A86A300A947B5 /* R+.swift in Sources */ = {isa = PBXBuildFile; fileRef = 9AD522802A4A86A300A947B5 /* R+.swift */; };
		9AD522952A4AA09200A947B5 /* Urbanist-Medium.ttf in Resources */ = {isa = PBXBuildFile; fileRef = 9AD522832A4AA09200A947B5 /* Urbanist-Medium.ttf */; };
		9AD522992A4AA09200A947B5 /* Urbanist-Light.ttf in Resources */ = {isa = PBXBuildFile; fileRef = 9AD522872A4AA09200A947B5 /* Urbanist-Light.ttf */; };
		9AD5229B2A4AA09200A947B5 /* Urbanist-ExtraLight.ttf in Resources */ = {isa = PBXBuildFile; fileRef = 9AD522892A4AA09200A947B5 /* Urbanist-ExtraLight.ttf */; };
		9AD5229D2A4AA09200A947B5 /* Urbanist-Bold.ttf in Resources */ = {isa = PBXBuildFile; fileRef = 9AD5228B2A4AA09200A947B5 /* Urbanist-Bold.ttf */; };
		9AD5229E2A4AA09200A947B5 /* Urbanist-ExtraBold.ttf in Resources */ = {isa = PBXBuildFile; fileRef = 9AD5228C2A4AA09200A947B5 /* Urbanist-ExtraBold.ttf */; };
		9AD5229F2A4AA09200A947B5 /* Urbanist-SemiBold.ttf in Resources */ = {isa = PBXBuildFile; fileRef = 9AD5228D2A4AA09200A947B5 /* Urbanist-SemiBold.ttf */; };
		9AD522A12A4AA09200A947B5 /* Urbanist-Black.ttf in Resources */ = {isa = PBXBuildFile; fileRef = 9AD5228F2A4AA09200A947B5 /* Urbanist-Black.ttf */; };
		9AD522A22A4AA09200A947B5 /* Urbanist-Italic.ttf in Resources */ = {isa = PBXBuildFile; fileRef = 9AD522902A4AA09200A947B5 /* Urbanist-Italic.ttf */; };
		9AD522A52A4AA09200A947B5 /* Urbanist-Thin.ttf in Resources */ = {isa = PBXBuildFile; fileRef = 9AD522932A4AA09200A947B5 /* Urbanist-Thin.ttf */; };
		9AD522A62A4AA09200A947B5 /* Urbanist-Regular.ttf in Resources */ = {isa = PBXBuildFile; fileRef = 9AD522942A4AA09200A947B5 /* Urbanist-Regular.ttf */; };
		9AD522B82A4B0E8C00A947B5 /* LottieView.swift in Sources */ = {isa = PBXBuildFile; fileRef = 9AD522B72A4B0E8C00A947B5 /* LottieView.swift */; };
		9ADEE5112A4973490075FCE0 /* R.generated.swift in Sources */ = {isa = PBXBuildFile; fileRef = 9ADEE5102A4973490075FCE0 /* R.generated.swift */; };
		9ADEE5142A4973C40075FCE0 /* Localizable.strings in Resources */ = {isa = PBXBuildFile; fileRef = 9ADEE5162A4973C40075FCE0 /* Localizable.strings */; };
		9ADEE51E2A497E360075FCE0 /* Constants.swift in Sources */ = {isa = PBXBuildFile; fileRef = 9ADEE51D2A497E360075FCE0 /* Constants.swift */; };
		9ADEE5222A497E830075FCE0 /* LocalizationSystem.swift in Sources */ = {isa = PBXBuildFile; fileRef = 9ADEE5212A497E830075FCE0 /* LocalizationSystem.swift */; };
		A4766E662A4AD36A0002FEF6 /* SplashView.swift in Sources */ = {isa = PBXBuildFile; fileRef = A4766E652A4AD36A0002FEF6 /* SplashView.swift */; };
		A4766E6A2A4ADCB20002FEF6 /* Router.swift in Sources */ = {isa = PBXBuildFile; fileRef = A4766E692A4ADCB20002FEF6 /* Router.swift */; };
		A4766E702A4ADDD50002FEF6 /* HomeView.swift in Sources */ = {isa = PBXBuildFile; fileRef = A4766E6F2A4ADDD50002FEF6 /* HomeView.swift */; };
		A4766E742A4ADEC20002FEF6 /* OnboardingView.swift in Sources */ = {isa = PBXBuildFile; fileRef = A4766E732A4ADEC20002FEF6 /* OnboardingView.swift */; };
		A4766E782A4AE31D0002FEF6 /* CircularProgressView.swift in Sources */ = {isa = PBXBuildFile; fileRef = A4766E772A4AE31D0002FEF6 /* CircularProgressView.swift */; };
		A4766E7B2A4AEBD90002FEF6 /* OnboardingViewModel.swift in Sources */ = {isa = PBXBuildFile; fileRef = A4766E7A2A4AEBD90002FEF6 /* OnboardingViewModel.swift */; };
		A4A761B52A4AFC2B00CA65A3 /* OnboardingModel.swift in Sources */ = {isa = PBXBuildFile; fileRef = A4A761B42A4AFC2B00CA65A3 /* OnboardingModel.swift */; };
		A4BAA25E2A4BDAE5006371B1 /* OnboardingRowView.swift in Sources */ = {isa = PBXBuildFile; fileRef = A4BAA25D2A4BDAE5006371B1 /* OnboardingRowView.swift */; };
		A4BAA26E2A4C3142006371B1 /* TabbarViewModel.swift in Sources */ = {isa = PBXBuildFile; fileRef = A4BAA2662A4C3141006371B1 /* TabbarViewModel.swift */; };
		A4BAA26F2A4C3142006371B1 /* TabbarView.swift in Sources */ = {isa = PBXBuildFile; fileRef = A4BAA2672A4C3141006371B1 /* TabbarView.swift */; };
		A4BAA2702A4C3142006371B1 /* TabbarEnum.swift in Sources */ = {isa = PBXBuildFile; fileRef = A4BAA2692A4C3141006371B1 /* TabbarEnum.swift */; };
		A4BAA2712A4C3142006371B1 /* TabItem.swift in Sources */ = {isa = PBXBuildFile; fileRef = A4BAA26B2A4C3141006371B1 /* TabItem.swift */; };
		A4BAA2722A4C3142006371B1 /* TabbarPrimaryButton.swift in Sources */ = {isa = PBXBuildFile; fileRef = A4BAA26C2A4C3141006371B1 /* TabbarPrimaryButton.swift */; };
		A4BAA2732A4C3142006371B1 /* TabbarShape.swift in Sources */ = {isa = PBXBuildFile; fileRef = A4BAA26D2A4C3141006371B1 /* TabbarShape.swift */; };
		A4BAA2762A4C3163006371B1 /* HistoryView.swift in Sources */ = {isa = PBXBuildFile; fileRef = A4BAA2752A4C3163006371B1 /* HistoryView.swift */; };
		D88CC3533853E567D40A3935 /* Pods_QRArtGenerator.framework in Frameworks */ = {isa = PBXBuildFile; fileRef = 4D849722C2C5702D42EE59AB /* Pods_QRArtGenerator.framework */; };
/* End PBXBuildFile section */

/* Begin PBXContainerItemProxy section */
		59C7662B2A496E6000D4BDD3 /* PBXContainerItemProxy */ = {
			isa = PBXContainerItemProxy;
			containerPortal = 59C766122A496E5F00D4BDD3 /* Project object */;
			proxyType = 1;
			remoteGlobalIDString = 59C766192A496E5F00D4BDD3;
			remoteInfo = QRArtGenerator;
		};
		59C766352A496E6000D4BDD3 /* PBXContainerItemProxy */ = {
			isa = PBXContainerItemProxy;
			containerPortal = 59C766122A496E5F00D4BDD3 /* Project object */;
			proxyType = 1;
			remoteGlobalIDString = 59C766192A496E5F00D4BDD3;
			remoteInfo = QRArtGenerator;
		};
/* End PBXContainerItemProxy section */

/* Begin PBXFileReference section */
		000E5BDC5B5105537F2E9B41 /* Pods_QRArtGeneratorTests.framework */ = {isa = PBXFileReference; explicitFileType = wrapper.framework; includeInIndex = 0; path = Pods_QRArtGeneratorTests.framework; sourceTree = BUILT_PRODUCTS_DIR; };
		4D849722C2C5702D42EE59AB /* Pods_QRArtGenerator.framework */ = {isa = PBXFileReference; explicitFileType = wrapper.framework; includeInIndex = 0; path = Pods_QRArtGenerator.framework; sourceTree = BUILT_PRODUCTS_DIR; };
		59C7661A2A496E5F00D4BDD3 /* QRArtGenerator.app */ = {isa = PBXFileReference; explicitFileType = wrapper.application; includeInIndex = 0; path = QRArtGenerator.app; sourceTree = BUILT_PRODUCTS_DIR; };
		59C7661D2A496E5F00D4BDD3 /* QRArtGeneratorApp.swift */ = {isa = PBXFileReference; lastKnownFileType = sourcecode.swift; path = QRArtGeneratorApp.swift; sourceTree = "<group>"; };
		59C766212A496E6000D4BDD3 /* Assets.xcassets */ = {isa = PBXFileReference; lastKnownFileType = folder.assetcatalog; path = Assets.xcassets; sourceTree = "<group>"; };
		59C766242A496E6000D4BDD3 /* Preview Assets.xcassets */ = {isa = PBXFileReference; lastKnownFileType = folder.assetcatalog; path = "Preview Assets.xcassets"; sourceTree = "<group>"; };
		59C7662A2A496E6000D4BDD3 /* QRArtGeneratorTests.xctest */ = {isa = PBXFileReference; explicitFileType = wrapper.cfbundle; includeInIndex = 0; path = QRArtGeneratorTests.xctest; sourceTree = BUILT_PRODUCTS_DIR; };
		59C7662E2A496E6000D4BDD3 /* QRArtGeneratorTests.swift */ = {isa = PBXFileReference; lastKnownFileType = sourcecode.swift; path = QRArtGeneratorTests.swift; sourceTree = "<group>"; };
		59C766342A496E6000D4BDD3 /* QRArtGeneratorUITests.xctest */ = {isa = PBXFileReference; explicitFileType = wrapper.cfbundle; includeInIndex = 0; path = QRArtGeneratorUITests.xctest; sourceTree = BUILT_PRODUCTS_DIR; };
		59C766382A496E6000D4BDD3 /* QRArtGeneratorUITests.swift */ = {isa = PBXFileReference; lastKnownFileType = sourcecode.swift; path = QRArtGeneratorUITests.swift; sourceTree = "<group>"; };
		59C7663A2A496E6000D4BDD3 /* QRArtGeneratorUITestsLaunchTests.swift */ = {isa = PBXFileReference; lastKnownFileType = sourcecode.swift; path = QRArtGeneratorUITestsLaunchTests.swift; sourceTree = "<group>"; };
		5D8FA71CBCF848EE6FFC2673 /* Pods-QRArtGenerator-QRArtGeneratorUITests.staging.xcconfig */ = {isa = PBXFileReference; includeInIndex = 1; lastKnownFileType = text.xcconfig; name = "Pods-QRArtGenerator-QRArtGeneratorUITests.staging.xcconfig"; path = "Target Support Files/Pods-QRArtGenerator-QRArtGeneratorUITests/Pods-QRArtGenerator-QRArtGeneratorUITests.staging.xcconfig"; sourceTree = "<group>"; };
		62B48F6F4CC42D09ED51017D /* Pods_QRArtGenerator_QRArtGeneratorUITests.framework */ = {isa = PBXFileReference; explicitFileType = wrapper.framework; includeInIndex = 0; path = Pods_QRArtGenerator_QRArtGeneratorUITests.framework; sourceTree = BUILT_PRODUCTS_DIR; };
		6884600408C8790FEA5FA751 /* Pods-QRArtGenerator-QRArtGeneratorUITests.release.xcconfig */ = {isa = PBXFileReference; includeInIndex = 1; lastKnownFileType = text.xcconfig; name = "Pods-QRArtGenerator-QRArtGeneratorUITests.release.xcconfig"; path = "Target Support Files/Pods-QRArtGenerator-QRArtGeneratorUITests/Pods-QRArtGenerator-QRArtGeneratorUITests.release.xcconfig"; sourceTree = "<group>"; };
		69E53AB083F0BA1F5231B969 /* Pods-QRArtGeneratorTests.release.xcconfig */ = {isa = PBXFileReference; includeInIndex = 1; lastKnownFileType = text.xcconfig; name = "Pods-QRArtGeneratorTests.release.xcconfig"; path = "Target Support Files/Pods-QRArtGeneratorTests/Pods-QRArtGeneratorTests.release.xcconfig"; sourceTree = "<group>"; };
		84F3C1A35E93DC48B9FF8923 /* Pods-QRArtGeneratorTests.staging.xcconfig */ = {isa = PBXFileReference; includeInIndex = 1; lastKnownFileType = text.xcconfig; name = "Pods-QRArtGeneratorTests.staging.xcconfig"; path = "Target Support Files/Pods-QRArtGeneratorTests/Pods-QRArtGeneratorTests.staging.xcconfig"; sourceTree = "<group>"; };
		8577C75B8F4BEECEFD6722F8 /* Pods-QRArtGenerator.debug.xcconfig */ = {isa = PBXFileReference; includeInIndex = 1; lastKnownFileType = text.xcconfig; name = "Pods-QRArtGenerator.debug.xcconfig"; path = "Target Support Files/Pods-QRArtGenerator/Pods-QRArtGenerator.debug.xcconfig"; sourceTree = "<group>"; };
		8872CAFFF07151FDDAC4D66B /* Pods-QRArtGenerator.staging.xcconfig */ = {isa = PBXFileReference; includeInIndex = 1; lastKnownFileType = text.xcconfig; name = "Pods-QRArtGenerator.staging.xcconfig"; path = "Target Support Files/Pods-QRArtGenerator/Pods-QRArtGenerator.staging.xcconfig"; sourceTree = "<group>"; };
		9ABC4DA42A4BDF51002646DA /* ai_tab.json */ = {isa = PBXFileReference; fileEncoding = 4; lastKnownFileType = text.json; path = ai_tab.json; sourceTree = "<group>"; };
		9AD522802A4A86A300A947B5 /* R+.swift */ = {isa = PBXFileReference; lastKnownFileType = sourcecode.swift; path = "R+.swift"; sourceTree = "<group>"; };
		9AD522832A4AA09200A947B5 /* Urbanist-Medium.ttf */ = {isa = PBXFileReference; lastKnownFileType = file; path = "Urbanist-Medium.ttf"; sourceTree = "<group>"; };
		9AD522872A4AA09200A947B5 /* Urbanist-Light.ttf */ = {isa = PBXFileReference; lastKnownFileType = file; path = "Urbanist-Light.ttf"; sourceTree = "<group>"; };
		9AD522892A4AA09200A947B5 /* Urbanist-ExtraLight.ttf */ = {isa = PBXFileReference; lastKnownFileType = file; path = "Urbanist-ExtraLight.ttf"; sourceTree = "<group>"; };
		9AD5228B2A4AA09200A947B5 /* Urbanist-Bold.ttf */ = {isa = PBXFileReference; lastKnownFileType = file; path = "Urbanist-Bold.ttf"; sourceTree = "<group>"; };
		9AD5228C2A4AA09200A947B5 /* Urbanist-ExtraBold.ttf */ = {isa = PBXFileReference; lastKnownFileType = file; path = "Urbanist-ExtraBold.ttf"; sourceTree = "<group>"; };
		9AD5228D2A4AA09200A947B5 /* Urbanist-SemiBold.ttf */ = {isa = PBXFileReference; lastKnownFileType = file; path = "Urbanist-SemiBold.ttf"; sourceTree = "<group>"; };
		9AD5228F2A4AA09200A947B5 /* Urbanist-Black.ttf */ = {isa = PBXFileReference; lastKnownFileType = file; path = "Urbanist-Black.ttf"; sourceTree = "<group>"; };
		9AD522902A4AA09200A947B5 /* Urbanist-Italic.ttf */ = {isa = PBXFileReference; lastKnownFileType = file; path = "Urbanist-Italic.ttf"; sourceTree = "<group>"; };
		9AD522932A4AA09200A947B5 /* Urbanist-Thin.ttf */ = {isa = PBXFileReference; lastKnownFileType = file; path = "Urbanist-Thin.ttf"; sourceTree = "<group>"; };
		9AD522942A4AA09200A947B5 /* Urbanist-Regular.ttf */ = {isa = PBXFileReference; lastKnownFileType = file; path = "Urbanist-Regular.ttf"; sourceTree = "<group>"; };
		9AD522A72A4AA0EB00A947B5 /* Info.plist */ = {isa = PBXFileReference; lastKnownFileType = text.plist; path = Info.plist; sourceTree = "<group>"; };
		9AD522B72A4B0E8C00A947B5 /* LottieView.swift */ = {isa = PBXFileReference; lastKnownFileType = sourcecode.swift; path = LottieView.swift; sourceTree = "<group>"; };
		9ADEE5102A4973490075FCE0 /* R.generated.swift */ = {isa = PBXFileReference; fileEncoding = 4; lastKnownFileType = sourcecode.swift; path = R.generated.swift; sourceTree = "<group>"; };
		9ADEE5152A4973C40075FCE0 /* en */ = {isa = PBXFileReference; lastKnownFileType = text.plist.strings; name = en; path = en.lproj/Localizable.strings; sourceTree = "<group>"; };
		9ADEE5172A497DC10075FCE0 /* vi */ = {isa = PBXFileReference; lastKnownFileType = text.plist.strings; name = vi; path = vi.lproj/Localizable.strings; sourceTree = "<group>"; };
		9ADEE5182A497DD80075FCE0 /* es */ = {isa = PBXFileReference; lastKnownFileType = text.plist.strings; name = es; path = es.lproj/Localizable.strings; sourceTree = "<group>"; };
		9ADEE5192A497DDF0075FCE0 /* fr */ = {isa = PBXFileReference; lastKnownFileType = text.plist.strings; name = fr; path = fr.lproj/Localizable.strings; sourceTree = "<group>"; };
		9ADEE51A2A497DEB0075FCE0 /* pt-PT */ = {isa = PBXFileReference; lastKnownFileType = text.plist.strings; name = "pt-PT"; path = "pt-PT.lproj/Localizable.strings"; sourceTree = "<group>"; };
		9ADEE51B2A497DF50075FCE0 /* de */ = {isa = PBXFileReference; lastKnownFileType = text.plist.strings; name = de; path = de.lproj/Localizable.strings; sourceTree = "<group>"; };
		9ADEE51D2A497E360075FCE0 /* Constants.swift */ = {isa = PBXFileReference; lastKnownFileType = sourcecode.swift; path = Constants.swift; sourceTree = "<group>"; };
		9ADEE5212A497E830075FCE0 /* LocalizationSystem.swift */ = {isa = PBXFileReference; fileEncoding = 4; lastKnownFileType = sourcecode.swift; path = LocalizationSystem.swift; sourceTree = "<group>"; };
		A4766E652A4AD36A0002FEF6 /* SplashView.swift */ = {isa = PBXFileReference; lastKnownFileType = sourcecode.swift; path = SplashView.swift; sourceTree = "<group>"; };
		A4766E692A4ADCB20002FEF6 /* Router.swift */ = {isa = PBXFileReference; lastKnownFileType = sourcecode.swift; path = Router.swift; sourceTree = "<group>"; };
		A4766E6F2A4ADDD50002FEF6 /* HomeView.swift */ = {isa = PBXFileReference; lastKnownFileType = sourcecode.swift; path = HomeView.swift; sourceTree = "<group>"; };
		A4766E732A4ADEC20002FEF6 /* OnboardingView.swift */ = {isa = PBXFileReference; lastKnownFileType = sourcecode.swift; path = OnboardingView.swift; sourceTree = "<group>"; };
		A4766E772A4AE31D0002FEF6 /* CircularProgressView.swift */ = {isa = PBXFileReference; lastKnownFileType = sourcecode.swift; path = CircularProgressView.swift; sourceTree = "<group>"; };
		A4766E7A2A4AEBD90002FEF6 /* OnboardingViewModel.swift */ = {isa = PBXFileReference; lastKnownFileType = sourcecode.swift; path = OnboardingViewModel.swift; sourceTree = "<group>"; };
		A4A761B42A4AFC2B00CA65A3 /* OnboardingModel.swift */ = {isa = PBXFileReference; lastKnownFileType = sourcecode.swift; path = OnboardingModel.swift; sourceTree = "<group>"; };
		A4BAA25D2A4BDAE5006371B1 /* OnboardingRowView.swift */ = {isa = PBXFileReference; lastKnownFileType = sourcecode.swift; path = OnboardingRowView.swift; sourceTree = "<group>"; };
		A4BAA2662A4C3141006371B1 /* TabbarViewModel.swift */ = {isa = PBXFileReference; fileEncoding = 4; lastKnownFileType = sourcecode.swift; path = TabbarViewModel.swift; sourceTree = "<group>"; };
		A4BAA2672A4C3141006371B1 /* TabbarView.swift */ = {isa = PBXFileReference; fileEncoding = 4; lastKnownFileType = sourcecode.swift; path = TabbarView.swift; sourceTree = "<group>"; };
		A4BAA2692A4C3141006371B1 /* TabbarEnum.swift */ = {isa = PBXFileReference; fileEncoding = 4; lastKnownFileType = sourcecode.swift; path = TabbarEnum.swift; sourceTree = "<group>"; };
		A4BAA26B2A4C3141006371B1 /* TabItem.swift */ = {isa = PBXFileReference; fileEncoding = 4; lastKnownFileType = sourcecode.swift; path = TabItem.swift; sourceTree = "<group>"; };
		A4BAA26C2A4C3141006371B1 /* TabbarPrimaryButton.swift */ = {isa = PBXFileReference; fileEncoding = 4; lastKnownFileType = sourcecode.swift; path = TabbarPrimaryButton.swift; sourceTree = "<group>"; };
		A4BAA26D2A4C3141006371B1 /* TabbarShape.swift */ = {isa = PBXFileReference; fileEncoding = 4; lastKnownFileType = sourcecode.swift; path = TabbarShape.swift; sourceTree = "<group>"; };
		A4BAA2752A4C3163006371B1 /* HistoryView.swift */ = {isa = PBXFileReference; fileEncoding = 4; lastKnownFileType = sourcecode.swift; path = HistoryView.swift; sourceTree = "<group>"; };
		D319D4A89D312830D2124ED0 /* Pods-QRArtGenerator-QRArtGeneratorUITests.debug.xcconfig */ = {isa = PBXFileReference; includeInIndex = 1; lastKnownFileType = text.xcconfig; name = "Pods-QRArtGenerator-QRArtGeneratorUITests.debug.xcconfig"; path = "Target Support Files/Pods-QRArtGenerator-QRArtGeneratorUITests/Pods-QRArtGenerator-QRArtGeneratorUITests.debug.xcconfig"; sourceTree = "<group>"; };
		D39060580F499CCA99319F65 /* Pods-QRArtGenerator.release.xcconfig */ = {isa = PBXFileReference; includeInIndex = 1; lastKnownFileType = text.xcconfig; name = "Pods-QRArtGenerator.release.xcconfig"; path = "Target Support Files/Pods-QRArtGenerator/Pods-QRArtGenerator.release.xcconfig"; sourceTree = "<group>"; };
		F8BEBB2BADD7284900BF0F74 /* Pods-QRArtGeneratorTests.debug.xcconfig */ = {isa = PBXFileReference; includeInIndex = 1; lastKnownFileType = text.xcconfig; name = "Pods-QRArtGeneratorTests.debug.xcconfig"; path = "Target Support Files/Pods-QRArtGeneratorTests/Pods-QRArtGeneratorTests.debug.xcconfig"; sourceTree = "<group>"; };
/* End PBXFileReference section */

/* Begin PBXFrameworksBuildPhase section */
		59C766172A496E5F00D4BDD3 /* Frameworks */ = {
			isa = PBXFrameworksBuildPhase;
			buildActionMask = 2147483647;
			files = (
				D88CC3533853E567D40A3935 /* Pods_QRArtGenerator.framework in Frameworks */,
			);
			runOnlyForDeploymentPostprocessing = 0;
		};
		59C766272A496E6000D4BDD3 /* Frameworks */ = {
			isa = PBXFrameworksBuildPhase;
			buildActionMask = 2147483647;
			files = (
				55A72A218713257382CFB921 /* Pods_QRArtGeneratorTests.framework in Frameworks */,
			);
			runOnlyForDeploymentPostprocessing = 0;
		};
		59C766312A496E6000D4BDD3 /* Frameworks */ = {
			isa = PBXFrameworksBuildPhase;
			buildActionMask = 2147483647;
			files = (
				30511F50193A4959F89B3A8A /* Pods_QRArtGenerator_QRArtGeneratorUITests.framework in Frameworks */,
			);
			runOnlyForDeploymentPostprocessing = 0;
		};
/* End PBXFrameworksBuildPhase section */

/* Begin PBXGroup section */
		59C766112A496E5F00D4BDD3 = {
			isa = PBXGroup;
			children = (
				9ADEE5102A4973490075FCE0 /* R.generated.swift */,
				59C7661C2A496E5F00D4BDD3 /* QRArtGenerator */,
				59C7662D2A496E6000D4BDD3 /* QRArtGeneratorTests */,
				59C766372A496E6000D4BDD3 /* QRArtGeneratorUITests */,
				59C7661B2A496E5F00D4BDD3 /* Products */,
				704E9C9B993E1DD8EA8AD92E /* Pods */,
				FCC724D2989396EBCABE6A42 /* Frameworks */,
				A4BAA2632A4C30A5006371B1 /* Recovered References */,
			);
			sourceTree = "<group>";
		};
		59C7661B2A496E5F00D4BDD3 /* Products */ = {
			isa = PBXGroup;
			children = (
				59C7661A2A496E5F00D4BDD3 /* QRArtGenerator.app */,
				59C7662A2A496E6000D4BDD3 /* QRArtGeneratorTests.xctest */,
				59C766342A496E6000D4BDD3 /* QRArtGeneratorUITests.xctest */,
			);
			name = Products;
			sourceTree = "<group>";
		};
		59C7661C2A496E5F00D4BDD3 /* QRArtGenerator */ = {
			isa = PBXGroup;
			children = (
				A4766E672A4AD40A0002FEF6 /* MainSystem */,
				59C7664B2A497E8400D4BDD3 /* Common */,
				9ADEE5202A497E640075FCE0 /* Manager */,
				9ADEE51F2A497E3A0075FCE0 /* Constant */,
				A4766E622A4AD1320002FEF6 /* Modules */,
				9ADEE51C2A497DFE0075FCE0 /* Resource */,
				59C766232A496E6000D4BDD3 /* Preview Content */,
			);
			path = QRArtGenerator;
			sourceTree = "<group>";
		};
		59C766232A496E6000D4BDD3 /* Preview Content */ = {
			isa = PBXGroup;
			children = (
				59C766242A496E6000D4BDD3 /* Preview Assets.xcassets */,
			);
			path = "Preview Content";
			sourceTree = "<group>";
		};
		59C7662D2A496E6000D4BDD3 /* QRArtGeneratorTests */ = {
			isa = PBXGroup;
			children = (
				59C7662E2A496E6000D4BDD3 /* QRArtGeneratorTests.swift */,
			);
			path = QRArtGeneratorTests;
			sourceTree = "<group>";
		};
		59C766372A496E6000D4BDD3 /* QRArtGeneratorUITests */ = {
			isa = PBXGroup;
			children = (
				59C766382A496E6000D4BDD3 /* QRArtGeneratorUITests.swift */,
				59C7663A2A496E6000D4BDD3 /* QRArtGeneratorUITestsLaunchTests.swift */,
			);
			path = QRArtGeneratorUITests;
			sourceTree = "<group>";
		};
		59C7664B2A497E8400D4BDD3 /* Common */ = {
			isa = PBXGroup;
			children = (
				A4766E752A4AE2F20002FEF6 /* CustomView */,
				A4766E682A4ADC960002FEF6 /* Router */,
				9AD5227F2A4A869300A947B5 /* Extension */,
				9AD522B72A4B0E8C00A947B5 /* LottieView.swift */,
			);
			path = Common;
			sourceTree = "<group>";
		};
		704E9C9B993E1DD8EA8AD92E /* Pods */ = {
			isa = PBXGroup;
			children = (
				8577C75B8F4BEECEFD6722F8 /* Pods-QRArtGenerator.debug.xcconfig */,
				D39060580F499CCA99319F65 /* Pods-QRArtGenerator.release.xcconfig */,
				D319D4A89D312830D2124ED0 /* Pods-QRArtGenerator-QRArtGeneratorUITests.debug.xcconfig */,
				6884600408C8790FEA5FA751 /* Pods-QRArtGenerator-QRArtGeneratorUITests.release.xcconfig */,
				F8BEBB2BADD7284900BF0F74 /* Pods-QRArtGeneratorTests.debug.xcconfig */,
				69E53AB083F0BA1F5231B969 /* Pods-QRArtGeneratorTests.release.xcconfig */,
				8872CAFFF07151FDDAC4D66B /* Pods-QRArtGenerator.staging.xcconfig */,
				5D8FA71CBCF848EE6FFC2673 /* Pods-QRArtGenerator-QRArtGeneratorUITests.staging.xcconfig */,
				84F3C1A35E93DC48B9FF8923 /* Pods-QRArtGeneratorTests.staging.xcconfig */,
			);
			path = Pods;
			sourceTree = "<group>";
		};
		9AD5227F2A4A869300A947B5 /* Extension */ = {
			isa = PBXGroup;
			children = (
				9AD522802A4A86A300A947B5 /* R+.swift */,
			);
			path = Extension;
			sourceTree = "<group>";
		};
		9AD522822A4AA08100A947B5 /* Font */ = {
			isa = PBXGroup;
			children = (
				9AD5228F2A4AA09200A947B5 /* Urbanist-Black.ttf */,
				9AD5228B2A4AA09200A947B5 /* Urbanist-Bold.ttf */,
				9AD5228C2A4AA09200A947B5 /* Urbanist-ExtraBold.ttf */,
				9AD522892A4AA09200A947B5 /* Urbanist-ExtraLight.ttf */,
				9AD522902A4AA09200A947B5 /* Urbanist-Italic.ttf */,
				9AD522872A4AA09200A947B5 /* Urbanist-Light.ttf */,
				9AD522832A4AA09200A947B5 /* Urbanist-Medium.ttf */,
				9AD522942A4AA09200A947B5 /* Urbanist-Regular.ttf */,
				9AD5228D2A4AA09200A947B5 /* Urbanist-SemiBold.ttf */,
				9AD522932A4AA09200A947B5 /* Urbanist-Thin.ttf */,
			);
			path = Font;
			sourceTree = "<group>";
		};
		9AD522B92A4B0F2A00A947B5 /* Json */ = {
			isa = PBXGroup;
			children = (
				9ABC4DA42A4BDF51002646DA /* ai_tab.json */,
			);
			path = Json;
			sourceTree = "<group>";
		};
		9ADEE51C2A497DFE0075FCE0 /* Resource */ = {
			isa = PBXGroup;
			children = (
				9AD522B92A4B0F2A00A947B5 /* Json */,
				9AD522822A4AA08100A947B5 /* Font */,
				59C766212A496E6000D4BDD3 /* Assets.xcassets */,
				9AD522A72A4AA0EB00A947B5 /* Info.plist */,
				9ADEE5162A4973C40075FCE0 /* Localizable.strings */,
			);
			path = Resource;
			sourceTree = "<group>";
		};
		9ADEE51F2A497E3A0075FCE0 /* Constant */ = {
			isa = PBXGroup;
			children = (
				9ADEE51D2A497E360075FCE0 /* Constants.swift */,
			);
			path = Constant;
			sourceTree = "<group>";
		};
		9ADEE5202A497E640075FCE0 /* Manager */ = {
			isa = PBXGroup;
			children = (
				9ADEE5212A497E830075FCE0 /* LocalizationSystem.swift */,
			);
			path = Manager;
			sourceTree = "<group>";
		};
		A4766E622A4AD1320002FEF6 /* Modules */ = {
			isa = PBXGroup;
			children = (
				A4BAA2742A4C3163006371B1 /* History */,
				A4BAA2642A4C3141006371B1 /* Tabbar */,
				A4766E712A4ADEA90002FEF6 /* Onboarding */,
				A4766E6B2A4ADDAC0002FEF6 /* Home */,
				A4766E632A4AD15B0002FEF6 /* Splash */,
			);
			path = Modules;
			sourceTree = "<group>";
		};
		A4766E632A4AD15B0002FEF6 /* Splash */ = {
			isa = PBXGroup;
			children = (
				A4766E642A4AD1700002FEF6 /* View */,
			);
			path = Splash;
			sourceTree = "<group>";
		};
		A4766E642A4AD1700002FEF6 /* View */ = {
			isa = PBXGroup;
			children = (
				A4766E652A4AD36A0002FEF6 /* SplashView.swift */,
			);
			path = View;
			sourceTree = "<group>";
		};
		A4766E672A4AD40A0002FEF6 /* MainSystem */ = {
			isa = PBXGroup;
			children = (
				59C7661D2A496E5F00D4BDD3 /* QRArtGeneratorApp.swift */,
			);
			path = MainSystem;
			sourceTree = "<group>";
		};
		A4766E682A4ADC960002FEF6 /* Router */ = {
			isa = PBXGroup;
			children = (
				A4766E692A4ADCB20002FEF6 /* Router.swift */,
			);
			path = Router;
			sourceTree = "<group>";
		};
		A4766E6B2A4ADDAC0002FEF6 /* Home */ = {
			isa = PBXGroup;
			children = (
				A4766E6C2A4ADDB30002FEF6 /* View */,
			);
			path = Home;
			sourceTree = "<group>";
		};
		A4766E6C2A4ADDB30002FEF6 /* View */ = {
			isa = PBXGroup;
			children = (
				A4766E6F2A4ADDD50002FEF6 /* HomeView.swift */,
			);
			path = View;
			sourceTree = "<group>";
		};
		A4766E712A4ADEA90002FEF6 /* Onboarding */ = {
			isa = PBXGroup;
			children = (
				A4766E7C2A4AF1190002FEF6 /* Model */,
				A4766E792A4AEBC30002FEF6 /* ViewModel */,
				A4766E722A4ADEB30002FEF6 /* View */,
			);
			path = Onboarding;
			sourceTree = "<group>";
		};
		A4766E722A4ADEB30002FEF6 /* View */ = {
			isa = PBXGroup;
			children = (
				A4BAA25C2A4BDAC8006371B1 /* RowView */,
				A4766E732A4ADEC20002FEF6 /* OnboardingView.swift */,
			);
			path = View;
			sourceTree = "<group>";
		};
		A4766E752A4AE2F20002FEF6 /* CustomView */ = {
			isa = PBXGroup;
			children = (
				A4766E762A4AE30E0002FEF6 /* CircularProgressView */,
			);
			path = CustomView;
			sourceTree = "<group>";
		};
		A4766E762A4AE30E0002FEF6 /* CircularProgressView */ = {
			isa = PBXGroup;
			children = (
				A4766E772A4AE31D0002FEF6 /* CircularProgressView.swift */,
			);
			path = CircularProgressView;
			sourceTree = "<group>";
		};
		A4766E792A4AEBC30002FEF6 /* ViewModel */ = {
			isa = PBXGroup;
			children = (
				A4766E7A2A4AEBD90002FEF6 /* OnboardingViewModel.swift */,
			);
			path = ViewModel;
			sourceTree = "<group>";
		};
		A4766E7C2A4AF1190002FEF6 /* Model */ = {
			isa = PBXGroup;
			children = (
				A4A761B42A4AFC2B00CA65A3 /* OnboardingModel.swift */,
			);
			path = Model;
			sourceTree = "<group>";
		};
		A4BAA25C2A4BDAC8006371B1 /* RowView */ = {
			isa = PBXGroup;
			children = (
				A4BAA25D2A4BDAE5006371B1 /* OnboardingRowView.swift */,
			);
			path = RowView;
			sourceTree = "<group>";
		};
		A4BAA2632A4C30A5006371B1 /* Recovered References */ = {
			isa = PBXGroup;
			children = (
			);
			name = "Recovered References";
			sourceTree = "<group>";
		};
		A4BAA2642A4C3141006371B1 /* Tabbar */ = {
			isa = PBXGroup;
			children = (
				A4BAA2652A4C3141006371B1 /* ViewModel */,
				A4BAA2672A4C3141006371B1 /* TabbarView.swift */,
				A4BAA2682A4C3141006371B1 /* Model */,
				A4BAA26A2A4C3141006371B1 /* CustomView */,
			);
			path = Tabbar;
			sourceTree = "<group>";
		};
		A4BAA2652A4C3141006371B1 /* ViewModel */ = {
			isa = PBXGroup;
			children = (
				A4BAA2662A4C3141006371B1 /* TabbarViewModel.swift */,
			);
			path = ViewModel;
			sourceTree = "<group>";
		};
		A4BAA2682A4C3141006371B1 /* Model */ = {
			isa = PBXGroup;
			children = (
				A4BAA2692A4C3141006371B1 /* TabbarEnum.swift */,
			);
			path = Model;
			sourceTree = "<group>";
		};
		A4BAA26A2A4C3141006371B1 /* CustomView */ = {
			isa = PBXGroup;
			children = (
				A4BAA26B2A4C3141006371B1 /* TabItem.swift */,
				A4BAA26C2A4C3141006371B1 /* TabbarPrimaryButton.swift */,
				A4BAA26D2A4C3141006371B1 /* TabbarShape.swift */,
			);
			path = CustomView;
			sourceTree = "<group>";
		};
		A4BAA2742A4C3163006371B1 /* History */ = {
			isa = PBXGroup;
			children = (
				A4BAA2752A4C3163006371B1 /* HistoryView.swift */,
			);
			path = History;
			sourceTree = "<group>";
		};
		FCC724D2989396EBCABE6A42 /* Frameworks */ = {
			isa = PBXGroup;
			children = (
				4D849722C2C5702D42EE59AB /* Pods_QRArtGenerator.framework */,
				62B48F6F4CC42D09ED51017D /* Pods_QRArtGenerator_QRArtGeneratorUITests.framework */,
				000E5BDC5B5105537F2E9B41 /* Pods_QRArtGeneratorTests.framework */,
			);
			name = Frameworks;
			sourceTree = "<group>";
		};
/* End PBXGroup section */

/* Begin PBXNativeTarget section */
		59C766192A496E5F00D4BDD3 /* QRArtGenerator */ = {
			isa = PBXNativeTarget;
			buildConfigurationList = 59C7663E2A496E6000D4BDD3 /* Build configuration list for PBXNativeTarget "QRArtGenerator" */;
			buildPhases = (
				C1A065075B5AD15C7A22D183 /* [CP] Check Pods Manifest.lock */,
				9ADEE50F2A4972C30075FCE0 /* ShellScript */,
				59C766162A496E5F00D4BDD3 /* Sources */,
				59C766172A496E5F00D4BDD3 /* Frameworks */,
				59C766182A496E5F00D4BDD3 /* Resources */,
				53320F09AD5C0A0573360B87 /* [CP] Embed Pods Frameworks */,
			);
			buildRules = (
			);
			dependencies = (
			);
			name = QRArtGenerator;
			productName = QRArtGenerator;
			productReference = 59C7661A2A496E5F00D4BDD3 /* QRArtGenerator.app */;
			productType = "com.apple.product-type.application";
		};
		59C766292A496E6000D4BDD3 /* QRArtGeneratorTests */ = {
			isa = PBXNativeTarget;
			buildConfigurationList = 59C766412A496E6000D4BDD3 /* Build configuration list for PBXNativeTarget "QRArtGeneratorTests" */;
			buildPhases = (
				2BBB18C959B6C2745B22DC41 /* [CP] Check Pods Manifest.lock */,
				59C766262A496E6000D4BDD3 /* Sources */,
				59C766272A496E6000D4BDD3 /* Frameworks */,
				59C766282A496E6000D4BDD3 /* Resources */,
			);
			buildRules = (
			);
			dependencies = (
				59C7662C2A496E6000D4BDD3 /* PBXTargetDependency */,
			);
			name = QRArtGeneratorTests;
			productName = QRArtGeneratorTests;
			productReference = 59C7662A2A496E6000D4BDD3 /* QRArtGeneratorTests.xctest */;
			productType = "com.apple.product-type.bundle.unit-test";
		};
		59C766332A496E6000D4BDD3 /* QRArtGeneratorUITests */ = {
			isa = PBXNativeTarget;
			buildConfigurationList = 59C766442A496E6000D4BDD3 /* Build configuration list for PBXNativeTarget "QRArtGeneratorUITests" */;
			buildPhases = (
				CD316BBF4FBCFA966E851B29 /* [CP] Check Pods Manifest.lock */,
				59C766302A496E6000D4BDD3 /* Sources */,
				59C766312A496E6000D4BDD3 /* Frameworks */,
				59C766322A496E6000D4BDD3 /* Resources */,
				081735AC2C76453BA6D44D9D /* [CP] Embed Pods Frameworks */,
			);
			buildRules = (
			);
			dependencies = (
				59C766362A496E6000D4BDD3 /* PBXTargetDependency */,
			);
			name = QRArtGeneratorUITests;
			productName = QRArtGeneratorUITests;
			productReference = 59C766342A496E6000D4BDD3 /* QRArtGeneratorUITests.xctest */;
			productType = "com.apple.product-type.bundle.ui-testing";
		};
/* End PBXNativeTarget section */

/* Begin PBXProject section */
		59C766122A496E5F00D4BDD3 /* Project object */ = {
			isa = PBXProject;
			attributes = {
				BuildIndependentTargetsInParallel = 1;
				LastSwiftUpdateCheck = 1430;
				LastUpgradeCheck = 1430;
				TargetAttributes = {
					59C766192A496E5F00D4BDD3 = {
						CreatedOnToolsVersion = 14.3.1;
					};
					59C766292A496E6000D4BDD3 = {
						CreatedOnToolsVersion = 14.3.1;
						TestTargetID = 59C766192A496E5F00D4BDD3;
					};
					59C766332A496E6000D4BDD3 = {
						CreatedOnToolsVersion = 14.3.1;
						TestTargetID = 59C766192A496E5F00D4BDD3;
					};
				};
			};
			buildConfigurationList = 59C766152A496E5F00D4BDD3 /* Build configuration list for PBXProject "QRArtGenerator" */;
			compatibilityVersion = "Xcode 13.0";
			developmentRegion = en;
			hasScannedForEncodings = 0;
			knownRegions = (
				en,
				Base,
				vi,
				es,
				fr,
				"pt-PT",
				de,
			);
			mainGroup = 59C766112A496E5F00D4BDD3;
			productRefGroup = 59C7661B2A496E5F00D4BDD3 /* Products */;
			projectDirPath = "";
			projectRoot = "";
			targets = (
				59C766192A496E5F00D4BDD3 /* QRArtGenerator */,
				59C766292A496E6000D4BDD3 /* QRArtGeneratorTests */,
				59C766332A496E6000D4BDD3 /* QRArtGeneratorUITests */,
			);
		};
/* End PBXProject section */

/* Begin PBXResourcesBuildPhase section */
		59C766182A496E5F00D4BDD3 /* Resources */ = {
			isa = PBXResourcesBuildPhase;
			buildActionMask = 2147483647;
			files = (
				9AD522A12A4AA09200A947B5 /* Urbanist-Black.ttf in Resources */,
				59C766252A496E6000D4BDD3 /* Preview Assets.xcassets in Resources */,
				9AD522952A4AA09200A947B5 /* Urbanist-Medium.ttf in Resources */,
				9ADEE5142A4973C40075FCE0 /* Localizable.strings in Resources */,
				9AD5229F2A4AA09200A947B5 /* Urbanist-SemiBold.ttf in Resources */,
				9AD5229E2A4AA09200A947B5 /* Urbanist-ExtraBold.ttf in Resources */,
				9AD5229D2A4AA09200A947B5 /* Urbanist-Bold.ttf in Resources */,
				9AD522A62A4AA09200A947B5 /* Urbanist-Regular.ttf in Resources */,
				9AD522992A4AA09200A947B5 /* Urbanist-Light.ttf in Resources */,
				9ABC4DA52A4BDF51002646DA /* ai_tab.json in Resources */,
				9AD522A52A4AA09200A947B5 /* Urbanist-Thin.ttf in Resources */,
				9AD522A22A4AA09200A947B5 /* Urbanist-Italic.ttf in Resources */,
				9AD5229B2A4AA09200A947B5 /* Urbanist-ExtraLight.ttf in Resources */,
				59C766222A496E6000D4BDD3 /* Assets.xcassets in Resources */,
			);
			runOnlyForDeploymentPostprocessing = 0;
		};
		59C766282A496E6000D4BDD3 /* Resources */ = {
			isa = PBXResourcesBuildPhase;
			buildActionMask = 2147483647;
			files = (
			);
			runOnlyForDeploymentPostprocessing = 0;
		};
		59C766322A496E6000D4BDD3 /* Resources */ = {
			isa = PBXResourcesBuildPhase;
			buildActionMask = 2147483647;
			files = (
			);
			runOnlyForDeploymentPostprocessing = 0;
		};
/* End PBXResourcesBuildPhase section */

/* Begin PBXShellScriptBuildPhase section */
		081735AC2C76453BA6D44D9D /* [CP] Embed Pods Frameworks */ = {
			isa = PBXShellScriptBuildPhase;
			buildActionMask = 2147483647;
			files = (
			);
			inputFileListPaths = (
				"${PODS_ROOT}/Target Support Files/Pods-QRArtGenerator-QRArtGeneratorUITests/Pods-QRArtGenerator-QRArtGeneratorUITests-frameworks-${CONFIGURATION}-input-files.xcfilelist",
			);
			name = "[CP] Embed Pods Frameworks";
			outputFileListPaths = (
				"${PODS_ROOT}/Target Support Files/Pods-QRArtGenerator-QRArtGeneratorUITests/Pods-QRArtGenerator-QRArtGeneratorUITests-frameworks-${CONFIGURATION}-output-files.xcfilelist",
			);
			runOnlyForDeploymentPostprocessing = 0;
			shellPath = /bin/sh;
			shellScript = "\"${PODS_ROOT}/Target Support Files/Pods-QRArtGenerator-QRArtGeneratorUITests/Pods-QRArtGenerator-QRArtGeneratorUITests-frameworks.sh\"\n";
			showEnvVarsInLog = 0;
		};
		2BBB18C959B6C2745B22DC41 /* [CP] Check Pods Manifest.lock */ = {
			isa = PBXShellScriptBuildPhase;
			buildActionMask = 2147483647;
			files = (
			);
			inputFileListPaths = (
			);
			inputPaths = (
				"${PODS_PODFILE_DIR_PATH}/Podfile.lock",
				"${PODS_ROOT}/Manifest.lock",
			);
			name = "[CP] Check Pods Manifest.lock";
			outputFileListPaths = (
			);
			outputPaths = (
				"$(DERIVED_FILE_DIR)/Pods-QRArtGeneratorTests-checkManifestLockResult.txt",
			);
			runOnlyForDeploymentPostprocessing = 0;
			shellPath = /bin/sh;
			shellScript = "diff \"${PODS_PODFILE_DIR_PATH}/Podfile.lock\" \"${PODS_ROOT}/Manifest.lock\" > /dev/null\nif [ $? != 0 ] ; then\n    # print error to STDERR\n    echo \"error: The sandbox is not in sync with the Podfile.lock. Run 'pod install' or update your CocoaPods installation.\" >&2\n    exit 1\nfi\n# This output is used by Xcode 'outputs' to avoid re-running this script phase.\necho \"SUCCESS\" > \"${SCRIPT_OUTPUT_FILE_0}\"\n";
			showEnvVarsInLog = 0;
		};
		53320F09AD5C0A0573360B87 /* [CP] Embed Pods Frameworks */ = {
			isa = PBXShellScriptBuildPhase;
			buildActionMask = 2147483647;
			files = (
			);
			inputFileListPaths = (
				"${PODS_ROOT}/Target Support Files/Pods-QRArtGenerator/Pods-QRArtGenerator-frameworks-${CONFIGURATION}-input-files.xcfilelist",
			);
			name = "[CP] Embed Pods Frameworks";
			outputFileListPaths = (
				"${PODS_ROOT}/Target Support Files/Pods-QRArtGenerator/Pods-QRArtGenerator-frameworks-${CONFIGURATION}-output-files.xcfilelist",
			);
			runOnlyForDeploymentPostprocessing = 0;
			shellPath = /bin/sh;
			shellScript = "\"${PODS_ROOT}/Target Support Files/Pods-QRArtGenerator/Pods-QRArtGenerator-frameworks.sh\"\n";
			showEnvVarsInLog = 0;
		};
		9ADEE50F2A4972C30075FCE0 /* ShellScript */ = {
			isa = PBXShellScriptBuildPhase;
			alwaysOutOfDate = 1;
			buildActionMask = 2147483647;
			files = (
			);
			inputFileListPaths = (
			);
			inputPaths = (
			);
			outputFileListPaths = (
			);
			outputPaths = (
				$SRCROOT/R.generated.swift,
			);
			runOnlyForDeploymentPostprocessing = 0;
			shellPath = /bin/sh;
			shellScript = "# Type a script or drag a script file from your workspace to insert its path.\n\"$PODS_ROOT/R.swift/rswift\" generate \"$SRCROOT/R.generated.swift\"\n";
		};
		C1A065075B5AD15C7A22D183 /* [CP] Check Pods Manifest.lock */ = {
			isa = PBXShellScriptBuildPhase;
			buildActionMask = 2147483647;
			files = (
			);
			inputFileListPaths = (
			);
			inputPaths = (
				"${PODS_PODFILE_DIR_PATH}/Podfile.lock",
				"${PODS_ROOT}/Manifest.lock",
			);
			name = "[CP] Check Pods Manifest.lock";
			outputFileListPaths = (
			);
			outputPaths = (
				"$(DERIVED_FILE_DIR)/Pods-QRArtGenerator-checkManifestLockResult.txt",
			);
			runOnlyForDeploymentPostprocessing = 0;
			shellPath = /bin/sh;
			shellScript = "diff \"${PODS_PODFILE_DIR_PATH}/Podfile.lock\" \"${PODS_ROOT}/Manifest.lock\" > /dev/null\nif [ $? != 0 ] ; then\n    # print error to STDERR\n    echo \"error: The sandbox is not in sync with the Podfile.lock. Run 'pod install' or update your CocoaPods installation.\" >&2\n    exit 1\nfi\n# This output is used by Xcode 'outputs' to avoid re-running this script phase.\necho \"SUCCESS\" > \"${SCRIPT_OUTPUT_FILE_0}\"\n";
			showEnvVarsInLog = 0;
		};
		CD316BBF4FBCFA966E851B29 /* [CP] Check Pods Manifest.lock */ = {
			isa = PBXShellScriptBuildPhase;
			buildActionMask = 2147483647;
			files = (
			);
			inputFileListPaths = (
			);
			inputPaths = (
				"${PODS_PODFILE_DIR_PATH}/Podfile.lock",
				"${PODS_ROOT}/Manifest.lock",
			);
			name = "[CP] Check Pods Manifest.lock";
			outputFileListPaths = (
			);
			outputPaths = (
				"$(DERIVED_FILE_DIR)/Pods-QRArtGenerator-QRArtGeneratorUITests-checkManifestLockResult.txt",
			);
			runOnlyForDeploymentPostprocessing = 0;
			shellPath = /bin/sh;
			shellScript = "diff \"${PODS_PODFILE_DIR_PATH}/Podfile.lock\" \"${PODS_ROOT}/Manifest.lock\" > /dev/null\nif [ $? != 0 ] ; then\n    # print error to STDERR\n    echo \"error: The sandbox is not in sync with the Podfile.lock. Run 'pod install' or update your CocoaPods installation.\" >&2\n    exit 1\nfi\n# This output is used by Xcode 'outputs' to avoid re-running this script phase.\necho \"SUCCESS\" > \"${SCRIPT_OUTPUT_FILE_0}\"\n";
			showEnvVarsInLog = 0;
		};
/* End PBXShellScriptBuildPhase section */

/* Begin PBXSourcesBuildPhase section */
		59C766162A496E5F00D4BDD3 /* Sources */ = {
			isa = PBXSourcesBuildPhase;
			buildActionMask = 2147483647;
			files = (
				A4BAA26E2A4C3142006371B1 /* TabbarViewModel.swift in Sources */,
				A4BAA2712A4C3142006371B1 /* TabItem.swift in Sources */,
				A4BAA2702A4C3142006371B1 /* TabbarEnum.swift in Sources */,
				9ADEE5222A497E830075FCE0 /* LocalizationSystem.swift in Sources */,
				9AD522812A4A86A300A947B5 /* R+.swift in Sources */,
				A4766E6A2A4ADCB20002FEF6 /* Router.swift in Sources */,
				A4766E742A4ADEC20002FEF6 /* OnboardingView.swift in Sources */,
				A4BAA2762A4C3163006371B1 /* HistoryView.swift in Sources */,
				59C7661E2A496E5F00D4BDD3 /* QRArtGeneratorApp.swift in Sources */,
				9AD522B82A4B0E8C00A947B5 /* LottieView.swift in Sources */,
				9ADEE5112A4973490075FCE0 /* R.generated.swift in Sources */,
				A4766E702A4ADDD50002FEF6 /* HomeView.swift in Sources */,
				9ADEE51E2A497E360075FCE0 /* Constants.swift in Sources */,
				A4A761B52A4AFC2B00CA65A3 /* OnboardingModel.swift in Sources */,
				A4BAA2722A4C3142006371B1 /* TabbarPrimaryButton.swift in Sources */,
				A4BAA25E2A4BDAE5006371B1 /* OnboardingRowView.swift in Sources */,
				A4BAA2732A4C3142006371B1 /* TabbarShape.swift in Sources */,
				A4766E7B2A4AEBD90002FEF6 /* OnboardingViewModel.swift in Sources */,
				A4766E782A4AE31D0002FEF6 /* CircularProgressView.swift in Sources */,
				A4766E662A4AD36A0002FEF6 /* SplashView.swift in Sources */,
				A4BAA26F2A4C3142006371B1 /* TabbarView.swift in Sources */,
			);
			runOnlyForDeploymentPostprocessing = 0;
		};
		59C766262A496E6000D4BDD3 /* Sources */ = {
			isa = PBXSourcesBuildPhase;
			buildActionMask = 2147483647;
			files = (
				59C7662F2A496E6000D4BDD3 /* QRArtGeneratorTests.swift in Sources */,
			);
			runOnlyForDeploymentPostprocessing = 0;
		};
		59C766302A496E6000D4BDD3 /* Sources */ = {
			isa = PBXSourcesBuildPhase;
			buildActionMask = 2147483647;
			files = (
				59C766392A496E6000D4BDD3 /* QRArtGeneratorUITests.swift in Sources */,
				59C7663B2A496E6000D4BDD3 /* QRArtGeneratorUITestsLaunchTests.swift in Sources */,
			);
			runOnlyForDeploymentPostprocessing = 0;
		};
/* End PBXSourcesBuildPhase section */

/* Begin PBXTargetDependency section */
		59C7662C2A496E6000D4BDD3 /* PBXTargetDependency */ = {
			isa = PBXTargetDependency;
			target = 59C766192A496E5F00D4BDD3 /* QRArtGenerator */;
			targetProxy = 59C7662B2A496E6000D4BDD3 /* PBXContainerItemProxy */;
		};
		59C766362A496E6000D4BDD3 /* PBXTargetDependency */ = {
			isa = PBXTargetDependency;
			target = 59C766192A496E5F00D4BDD3 /* QRArtGenerator */;
			targetProxy = 59C766352A496E6000D4BDD3 /* PBXContainerItemProxy */;
		};
/* End PBXTargetDependency section */

/* Begin PBXVariantGroup section */
		9ADEE5162A4973C40075FCE0 /* Localizable.strings */ = {
			isa = PBXVariantGroup;
			children = (
				9ADEE5152A4973C40075FCE0 /* en */,
				9ADEE5172A497DC10075FCE0 /* vi */,
				9ADEE5182A497DD80075FCE0 /* es */,
				9ADEE5192A497DDF0075FCE0 /* fr */,
				9ADEE51A2A497DEB0075FCE0 /* pt-PT */,
				9ADEE51B2A497DF50075FCE0 /* de */,
			);
			name = Localizable.strings;
			sourceTree = "<group>";
		};
/* End PBXVariantGroup section */

/* Begin XCBuildConfiguration section */
		59C7663C2A496E6000D4BDD3 /* Debug */ = {
			isa = XCBuildConfiguration;
			buildSettings = {
				ALWAYS_SEARCH_USER_PATHS = NO;
				CLANG_ANALYZER_NONNULL = YES;
				CLANG_ANALYZER_NUMBER_OBJECT_CONVERSION = YES_AGGRESSIVE;
				CLANG_CXX_LANGUAGE_STANDARD = "gnu++20";
				CLANG_ENABLE_MODULES = YES;
				CLANG_ENABLE_OBJC_ARC = YES;
				CLANG_ENABLE_OBJC_WEAK = YES;
				CLANG_WARN_BLOCK_CAPTURE_AUTORELEASING = YES;
				CLANG_WARN_BOOL_CONVERSION = YES;
				CLANG_WARN_COMMA = YES;
				CLANG_WARN_CONSTANT_CONVERSION = YES;
				CLANG_WARN_DEPRECATED_OBJC_IMPLEMENTATIONS = YES;
				CLANG_WARN_DIRECT_OBJC_ISA_USAGE = YES_ERROR;
				CLANG_WARN_DOCUMENTATION_COMMENTS = YES;
				CLANG_WARN_EMPTY_BODY = YES;
				CLANG_WARN_ENUM_CONVERSION = YES;
				CLANG_WARN_INFINITE_RECURSION = YES;
				CLANG_WARN_INT_CONVERSION = YES;
				CLANG_WARN_NON_LITERAL_NULL_CONVERSION = YES;
				CLANG_WARN_OBJC_IMPLICIT_RETAIN_SELF = YES;
				CLANG_WARN_OBJC_LITERAL_CONVERSION = YES;
				CLANG_WARN_OBJC_ROOT_CLASS = YES_ERROR;
				CLANG_WARN_QUOTED_INCLUDE_IN_FRAMEWORK_HEADER = YES;
				CLANG_WARN_RANGE_LOOP_ANALYSIS = YES;
				CLANG_WARN_STRICT_PROTOTYPES = YES;
				CLANG_WARN_SUSPICIOUS_MOVE = YES;
				CLANG_WARN_UNGUARDED_AVAILABILITY = YES_AGGRESSIVE;
				CLANG_WARN_UNREACHABLE_CODE = YES;
				CLANG_WARN__DUPLICATE_METHOD_MATCH = YES;
				COPY_PHASE_STRIP = NO;
				DEBUG_INFORMATION_FORMAT = dwarf;
				ENABLE_STRICT_OBJC_MSGSEND = YES;
				ENABLE_TESTABILITY = YES;
				GCC_C_LANGUAGE_STANDARD = gnu11;
				GCC_DYNAMIC_NO_PIC = NO;
				GCC_NO_COMMON_BLOCKS = YES;
				GCC_OPTIMIZATION_LEVEL = 0;
				GCC_PREPROCESSOR_DEFINITIONS = (
					"DEBUG=1",
					"$(inherited)",
				);
				GCC_WARN_64_TO_32_BIT_CONVERSION = YES;
				GCC_WARN_ABOUT_RETURN_TYPE = YES_ERROR;
				GCC_WARN_UNDECLARED_SELECTOR = YES;
				GCC_WARN_UNINITIALIZED_AUTOS = YES_AGGRESSIVE;
				GCC_WARN_UNUSED_FUNCTION = YES;
				GCC_WARN_UNUSED_VARIABLE = YES;
				IPHONEOS_DEPLOYMENT_TARGET = 16.4;
				MTL_ENABLE_DEBUG_INFO = INCLUDE_SOURCE;
				MTL_FAST_MATH = YES;
				ONLY_ACTIVE_ARCH = YES;
				SDKROOT = iphoneos;
				SWIFT_ACTIVE_COMPILATION_CONDITIONS = DEV;
				SWIFT_OPTIMIZATION_LEVEL = "-Onone";
			};
			name = Debug;
		};
		59C7663D2A496E6000D4BDD3 /* Release */ = {
			isa = XCBuildConfiguration;
			buildSettings = {
				ALWAYS_SEARCH_USER_PATHS = NO;
				CLANG_ANALYZER_NONNULL = YES;
				CLANG_ANALYZER_NUMBER_OBJECT_CONVERSION = YES_AGGRESSIVE;
				CLANG_CXX_LANGUAGE_STANDARD = "gnu++20";
				CLANG_ENABLE_MODULES = YES;
				CLANG_ENABLE_OBJC_ARC = YES;
				CLANG_ENABLE_OBJC_WEAK = YES;
				CLANG_WARN_BLOCK_CAPTURE_AUTORELEASING = YES;
				CLANG_WARN_BOOL_CONVERSION = YES;
				CLANG_WARN_COMMA = YES;
				CLANG_WARN_CONSTANT_CONVERSION = YES;
				CLANG_WARN_DEPRECATED_OBJC_IMPLEMENTATIONS = YES;
				CLANG_WARN_DIRECT_OBJC_ISA_USAGE = YES_ERROR;
				CLANG_WARN_DOCUMENTATION_COMMENTS = YES;
				CLANG_WARN_EMPTY_BODY = YES;
				CLANG_WARN_ENUM_CONVERSION = YES;
				CLANG_WARN_INFINITE_RECURSION = YES;
				CLANG_WARN_INT_CONVERSION = YES;
				CLANG_WARN_NON_LITERAL_NULL_CONVERSION = YES;
				CLANG_WARN_OBJC_IMPLICIT_RETAIN_SELF = YES;
				CLANG_WARN_OBJC_LITERAL_CONVERSION = YES;
				CLANG_WARN_OBJC_ROOT_CLASS = YES_ERROR;
				CLANG_WARN_QUOTED_INCLUDE_IN_FRAMEWORK_HEADER = YES;
				CLANG_WARN_RANGE_LOOP_ANALYSIS = YES;
				CLANG_WARN_STRICT_PROTOTYPES = YES;
				CLANG_WARN_SUSPICIOUS_MOVE = YES;
				CLANG_WARN_UNGUARDED_AVAILABILITY = YES_AGGRESSIVE;
				CLANG_WARN_UNREACHABLE_CODE = YES;
				CLANG_WARN__DUPLICATE_METHOD_MATCH = YES;
				COPY_PHASE_STRIP = NO;
				DEBUG_INFORMATION_FORMAT = "dwarf-with-dsym";
				ENABLE_NS_ASSERTIONS = NO;
				ENABLE_STRICT_OBJC_MSGSEND = YES;
				GCC_C_LANGUAGE_STANDARD = gnu11;
				GCC_NO_COMMON_BLOCKS = YES;
				GCC_WARN_64_TO_32_BIT_CONVERSION = YES;
				GCC_WARN_ABOUT_RETURN_TYPE = YES_ERROR;
				GCC_WARN_UNDECLARED_SELECTOR = YES;
				GCC_WARN_UNINITIALIZED_AUTOS = YES_AGGRESSIVE;
				GCC_WARN_UNUSED_FUNCTION = YES;
				GCC_WARN_UNUSED_VARIABLE = YES;
				IPHONEOS_DEPLOYMENT_TARGET = 16.4;
				MTL_ENABLE_DEBUG_INFO = NO;
				MTL_FAST_MATH = YES;
				SDKROOT = iphoneos;
				SWIFT_ACTIVE_COMPILATION_CONDITIONS = PRODUCTION;
				SWIFT_COMPILATION_MODE = wholemodule;
				SWIFT_OPTIMIZATION_LEVEL = "-O";
				VALIDATE_PRODUCT = YES;
			};
			name = Release;
		};
		59C7663F2A496E6000D4BDD3 /* Debug */ = {
			isa = XCBuildConfiguration;
			baseConfigurationReference = 8577C75B8F4BEECEFD6722F8 /* Pods-QRArtGenerator.debug.xcconfig */;
			buildSettings = {
				ASSETCATALOG_COMPILER_APPICON_NAME = AppIcon;
				ASSETCATALOG_COMPILER_GLOBAL_ACCENT_COLOR_NAME = AccentColor;
				CODE_SIGN_STYLE = Automatic;
				CURRENT_PROJECT_VERSION = 1;
				DEVELOPMENT_ASSET_PATHS = "\"QRArtGenerator/Preview Content\"";
				DEVELOPMENT_TEAM = 63ZK7FQ2ND;
				ENABLE_PREVIEWS = YES;
				GENERATE_INFOPLIST_FILE = YES;
				INFOPLIST_FILE = QRArtGenerator/Resource/Info.plist;
				INFOPLIST_KEY_UIApplicationSceneManifest_Generation = YES;
				INFOPLIST_KEY_UIApplicationSupportsIndirectInputEvents = YES;
				INFOPLIST_KEY_UILaunchScreen_Generation = YES;
				INFOPLIST_KEY_UIStatusBarStyle = UIStatusBarStyleDarkContent;
				INFOPLIST_KEY_UISupportedInterfaceOrientations = UIInterfaceOrientationPortrait;
				IPHONEOS_DEPLOYMENT_TARGET = 14.0;
				LD_RUNPATH_SEARCH_PATHS = (
					"$(inherited)",
					"@executable_path/Frameworks",
				);
				MARKETING_VERSION = 1.0;
				PRODUCT_BUNDLE_IDENTIFIER = com.apero.pdfEdit.QRArtGenerator;
				PRODUCT_NAME = "$(TARGET_NAME)";
				SWIFT_EMIT_LOC_STRINGS = YES;
				SWIFT_VERSION = 5.0;
				TARGETED_DEVICE_FAMILY = "1,2";
			};
			name = Debug;
		};
		59C766402A496E6000D4BDD3 /* Release */ = {
			isa = XCBuildConfiguration;
			baseConfigurationReference = D39060580F499CCA99319F65 /* Pods-QRArtGenerator.release.xcconfig */;
			buildSettings = {
				ASSETCATALOG_COMPILER_APPICON_NAME = AppIcon;
				ASSETCATALOG_COMPILER_GLOBAL_ACCENT_COLOR_NAME = AccentColor;
				CODE_SIGN_STYLE = Automatic;
				CURRENT_PROJECT_VERSION = 1;
				DEVELOPMENT_ASSET_PATHS = "\"QRArtGenerator/Preview Content\"";
				DEVELOPMENT_TEAM = 63ZK7FQ2ND;
				ENABLE_PREVIEWS = YES;
				GENERATE_INFOPLIST_FILE = YES;
				INFOPLIST_FILE = QRArtGenerator/Resource/Info.plist;
				INFOPLIST_KEY_UIApplicationSceneManifest_Generation = YES;
				INFOPLIST_KEY_UIApplicationSupportsIndirectInputEvents = YES;
				INFOPLIST_KEY_UILaunchScreen_Generation = YES;
				INFOPLIST_KEY_UIStatusBarStyle = UIStatusBarStyleDarkContent;
				INFOPLIST_KEY_UISupportedInterfaceOrientations = UIInterfaceOrientationPortrait;
				IPHONEOS_DEPLOYMENT_TARGET = 14.0;
				LD_RUNPATH_SEARCH_PATHS = (
					"$(inherited)",
					"@executable_path/Frameworks",
				);
				MARKETING_VERSION = 1.0;
				PRODUCT_BUNDLE_IDENTIFIER = com.apero.pdfEdit.QRArtGenerator;
				PRODUCT_NAME = "$(TARGET_NAME)";
				SWIFT_EMIT_LOC_STRINGS = YES;
				SWIFT_VERSION = 5.0;
				TARGETED_DEVICE_FAMILY = "1,2";
			};
			name = Release;
		};
		59C766422A496E6000D4BDD3 /* Debug */ = {
			isa = XCBuildConfiguration;
			baseConfigurationReference = F8BEBB2BADD7284900BF0F74 /* Pods-QRArtGeneratorTests.debug.xcconfig */;
			buildSettings = {
				ALWAYS_EMBED_SWIFT_STANDARD_LIBRARIES = YES;
				BUNDLE_LOADER = "$(TEST_HOST)";
				CODE_SIGN_STYLE = Automatic;
				CURRENT_PROJECT_VERSION = 1;
				DEVELOPMENT_TEAM = 63ZK7FQ2ND;
				GENERATE_INFOPLIST_FILE = YES;
				IPHONEOS_DEPLOYMENT_TARGET = 16.4;
				MARKETING_VERSION = 1.0;
				PRODUCT_BUNDLE_IDENTIFIER = com.apero.pdfEdit.QRArtGeneratorTests;
				PRODUCT_NAME = "$(TARGET_NAME)";
				SWIFT_EMIT_LOC_STRINGS = NO;
				SWIFT_VERSION = 5.0;
				TARGETED_DEVICE_FAMILY = "1,2";
				TEST_HOST = "$(BUILT_PRODUCTS_DIR)/QRArtGenerator.app/$(BUNDLE_EXECUTABLE_FOLDER_PATH)/QRArtGenerator";
			};
			name = Debug;
		};
		59C766432A496E6000D4BDD3 /* Release */ = {
			isa = XCBuildConfiguration;
			baseConfigurationReference = 69E53AB083F0BA1F5231B969 /* Pods-QRArtGeneratorTests.release.xcconfig */;
			buildSettings = {
				ALWAYS_EMBED_SWIFT_STANDARD_LIBRARIES = YES;
				BUNDLE_LOADER = "$(TEST_HOST)";
				CODE_SIGN_STYLE = Automatic;
				CURRENT_PROJECT_VERSION = 1;
				DEVELOPMENT_TEAM = 63ZK7FQ2ND;
				GENERATE_INFOPLIST_FILE = YES;
				IPHONEOS_DEPLOYMENT_TARGET = 16.4;
				MARKETING_VERSION = 1.0;
				PRODUCT_BUNDLE_IDENTIFIER = com.apero.pdfEdit.QRArtGeneratorTests;
				PRODUCT_NAME = "$(TARGET_NAME)";
				SWIFT_EMIT_LOC_STRINGS = NO;
				SWIFT_VERSION = 5.0;
				TARGETED_DEVICE_FAMILY = "1,2";
				TEST_HOST = "$(BUILT_PRODUCTS_DIR)/QRArtGenerator.app/$(BUNDLE_EXECUTABLE_FOLDER_PATH)/QRArtGenerator";
			};
			name = Release;
		};
		59C766452A496E6000D4BDD3 /* Debug */ = {
			isa = XCBuildConfiguration;
			baseConfigurationReference = D319D4A89D312830D2124ED0 /* Pods-QRArtGenerator-QRArtGeneratorUITests.debug.xcconfig */;
			buildSettings = {
				ALWAYS_EMBED_SWIFT_STANDARD_LIBRARIES = YES;
				CODE_SIGN_STYLE = Automatic;
				CURRENT_PROJECT_VERSION = 1;
				DEVELOPMENT_TEAM = 63ZK7FQ2ND;
				GENERATE_INFOPLIST_FILE = YES;
				MARKETING_VERSION = 1.0;
				PRODUCT_BUNDLE_IDENTIFIER = com.apero.pdfEdit.QRArtGeneratorUITests;
				PRODUCT_NAME = "$(TARGET_NAME)";
				SWIFT_EMIT_LOC_STRINGS = NO;
				SWIFT_VERSION = 5.0;
				TARGETED_DEVICE_FAMILY = "1,2";
				TEST_TARGET_NAME = QRArtGenerator;
			};
			name = Debug;
		};
		59C766462A496E6000D4BDD3 /* Release */ = {
			isa = XCBuildConfiguration;
			baseConfigurationReference = 6884600408C8790FEA5FA751 /* Pods-QRArtGenerator-QRArtGeneratorUITests.release.xcconfig */;
			buildSettings = {
				ALWAYS_EMBED_SWIFT_STANDARD_LIBRARIES = YES;
				CODE_SIGN_STYLE = Automatic;
				CURRENT_PROJECT_VERSION = 1;
				DEVELOPMENT_TEAM = 63ZK7FQ2ND;
				GENERATE_INFOPLIST_FILE = YES;
				MARKETING_VERSION = 1.0;
				PRODUCT_BUNDLE_IDENTIFIER = com.apero.pdfEdit.QRArtGeneratorUITests;
				PRODUCT_NAME = "$(TARGET_NAME)";
				SWIFT_EMIT_LOC_STRINGS = NO;
				SWIFT_VERSION = 5.0;
				TARGETED_DEVICE_FAMILY = "1,2";
				TEST_TARGET_NAME = QRArtGenerator;
			};
			name = Release;
		};
		C8197F762A4AC1CF00A727A7 /* Staging */ = {
			isa = XCBuildConfiguration;
			buildSettings = {
				ALWAYS_SEARCH_USER_PATHS = NO;
				CLANG_ANALYZER_NONNULL = YES;
				CLANG_ANALYZER_NUMBER_OBJECT_CONVERSION = YES_AGGRESSIVE;
				CLANG_CXX_LANGUAGE_STANDARD = "gnu++20";
				CLANG_ENABLE_MODULES = YES;
				CLANG_ENABLE_OBJC_ARC = YES;
				CLANG_ENABLE_OBJC_WEAK = YES;
				CLANG_WARN_BLOCK_CAPTURE_AUTORELEASING = YES;
				CLANG_WARN_BOOL_CONVERSION = YES;
				CLANG_WARN_COMMA = YES;
				CLANG_WARN_CONSTANT_CONVERSION = YES;
				CLANG_WARN_DEPRECATED_OBJC_IMPLEMENTATIONS = YES;
				CLANG_WARN_DIRECT_OBJC_ISA_USAGE = YES_ERROR;
				CLANG_WARN_DOCUMENTATION_COMMENTS = YES;
				CLANG_WARN_EMPTY_BODY = YES;
				CLANG_WARN_ENUM_CONVERSION = YES;
				CLANG_WARN_INFINITE_RECURSION = YES;
				CLANG_WARN_INT_CONVERSION = YES;
				CLANG_WARN_NON_LITERAL_NULL_CONVERSION = YES;
				CLANG_WARN_OBJC_IMPLICIT_RETAIN_SELF = YES;
				CLANG_WARN_OBJC_LITERAL_CONVERSION = YES;
				CLANG_WARN_OBJC_ROOT_CLASS = YES_ERROR;
				CLANG_WARN_QUOTED_INCLUDE_IN_FRAMEWORK_HEADER = YES;
				CLANG_WARN_RANGE_LOOP_ANALYSIS = YES;
				CLANG_WARN_STRICT_PROTOTYPES = YES;
				CLANG_WARN_SUSPICIOUS_MOVE = YES;
				CLANG_WARN_UNGUARDED_AVAILABILITY = YES_AGGRESSIVE;
				CLANG_WARN_UNREACHABLE_CODE = YES;
				CLANG_WARN__DUPLICATE_METHOD_MATCH = YES;
				COPY_PHASE_STRIP = NO;
				DEBUG_INFORMATION_FORMAT = dwarf;
				ENABLE_STRICT_OBJC_MSGSEND = YES;
				ENABLE_TESTABILITY = YES;
				GCC_C_LANGUAGE_STANDARD = gnu11;
				GCC_DYNAMIC_NO_PIC = NO;
				GCC_NO_COMMON_BLOCKS = YES;
				GCC_OPTIMIZATION_LEVEL = 0;
				GCC_PREPROCESSOR_DEFINITIONS = (
					"DEBUG=1",
					"$(inherited)",
				);
				GCC_WARN_64_TO_32_BIT_CONVERSION = YES;
				GCC_WARN_ABOUT_RETURN_TYPE = YES_ERROR;
				GCC_WARN_UNDECLARED_SELECTOR = YES;
				GCC_WARN_UNINITIALIZED_AUTOS = YES_AGGRESSIVE;
				GCC_WARN_UNUSED_FUNCTION = YES;
				GCC_WARN_UNUSED_VARIABLE = YES;
				IPHONEOS_DEPLOYMENT_TARGET = 16.4;
				MTL_ENABLE_DEBUG_INFO = INCLUDE_SOURCE;
				MTL_FAST_MATH = YES;
				ONLY_ACTIVE_ARCH = YES;
				SDKROOT = iphoneos;
				SWIFT_ACTIVE_COMPILATION_CONDITIONS = STG;
				SWIFT_OPTIMIZATION_LEVEL = "-Onone";
			};
			name = Staging;
		};
		C8197F772A4AC1CF00A727A7 /* Staging */ = {
			isa = XCBuildConfiguration;
			baseConfigurationReference = 8872CAFFF07151FDDAC4D66B /* Pods-QRArtGenerator.staging.xcconfig */;
			buildSettings = {
				ASSETCATALOG_COMPILER_APPICON_NAME = AppIcon;
				ASSETCATALOG_COMPILER_GLOBAL_ACCENT_COLOR_NAME = AccentColor;
				CODE_SIGN_STYLE = Automatic;
				CURRENT_PROJECT_VERSION = 1;
				DEVELOPMENT_ASSET_PATHS = "\"QRArtGenerator/Preview Content\"";
				DEVELOPMENT_TEAM = 63ZK7FQ2ND;
				ENABLE_PREVIEWS = YES;
				GENERATE_INFOPLIST_FILE = YES;
				INFOPLIST_FILE = QRArtGenerator/Resource/Info.plist;
				INFOPLIST_KEY_UIApplicationSceneManifest_Generation = YES;
				INFOPLIST_KEY_UIApplicationSupportsIndirectInputEvents = YES;
				INFOPLIST_KEY_UILaunchScreen_Generation = YES;
				INFOPLIST_KEY_UIStatusBarStyle = UIStatusBarStyleDarkContent;
				INFOPLIST_KEY_UISupportedInterfaceOrientations = UIInterfaceOrientationPortrait;
				IPHONEOS_DEPLOYMENT_TARGET = 14.0;
				LD_RUNPATH_SEARCH_PATHS = (
					"$(inherited)",
					"@executable_path/Frameworks",
				);
				MARKETING_VERSION = 1.0;
				PRODUCT_BUNDLE_IDENTIFIER = com.apero.pdfEdit.QRArtGenerator;
				PRODUCT_NAME = "$(TARGET_NAME)";
				SWIFT_EMIT_LOC_STRINGS = YES;
				SWIFT_VERSION = 5.0;
				TARGETED_DEVICE_FAMILY = "1,2";
			};
			name = Staging;
		};
		C8197F782A4AC1CF00A727A7 /* Staging */ = {
			isa = XCBuildConfiguration;
			baseConfigurationReference = 84F3C1A35E93DC48B9FF8923 /* Pods-QRArtGeneratorTests.staging.xcconfig */;
			buildSettings = {
				ALWAYS_EMBED_SWIFT_STANDARD_LIBRARIES = YES;
				BUNDLE_LOADER = "$(TEST_HOST)";
				CODE_SIGN_STYLE = Automatic;
				CURRENT_PROJECT_VERSION = 1;
				DEVELOPMENT_TEAM = 63ZK7FQ2ND;
				GENERATE_INFOPLIST_FILE = YES;
				IPHONEOS_DEPLOYMENT_TARGET = 16.4;
				MARKETING_VERSION = 1.0;
				PRODUCT_BUNDLE_IDENTIFIER = com.apero.pdfEdit.QRArtGeneratorTests;
				PRODUCT_NAME = "$(TARGET_NAME)";
				SWIFT_EMIT_LOC_STRINGS = NO;
				SWIFT_VERSION = 5.0;
				TARGETED_DEVICE_FAMILY = "1,2";
				TEST_HOST = "$(BUILT_PRODUCTS_DIR)/QRArtGenerator.app/$(BUNDLE_EXECUTABLE_FOLDER_PATH)/QRArtGenerator";
			};
			name = Staging;
		};
		C8197F792A4AC1CF00A727A7 /* Staging */ = {
			isa = XCBuildConfiguration;
			baseConfigurationReference = 5D8FA71CBCF848EE6FFC2673 /* Pods-QRArtGenerator-QRArtGeneratorUITests.staging.xcconfig */;
			buildSettings = {
				ALWAYS_EMBED_SWIFT_STANDARD_LIBRARIES = YES;
				CODE_SIGN_STYLE = Automatic;
				CURRENT_PROJECT_VERSION = 1;
				DEVELOPMENT_TEAM = 63ZK7FQ2ND;
				GENERATE_INFOPLIST_FILE = YES;
				MARKETING_VERSION = 1.0;
				PRODUCT_BUNDLE_IDENTIFIER = com.apero.pdfEdit.QRArtGeneratorUITests;
				PRODUCT_NAME = "$(TARGET_NAME)";
				SWIFT_EMIT_LOC_STRINGS = NO;
				SWIFT_VERSION = 5.0;
				TARGETED_DEVICE_FAMILY = "1,2";
				TEST_TARGET_NAME = QRArtGenerator;
			};
			name = Staging;
		};
/* End XCBuildConfiguration section */

/* Begin XCConfigurationList section */
		59C766152A496E5F00D4BDD3 /* Build configuration list for PBXProject "QRArtGenerator" */ = {
			isa = XCConfigurationList;
			buildConfigurations = (
				59C7663C2A496E6000D4BDD3 /* Debug */,
				C8197F762A4AC1CF00A727A7 /* Staging */,
				59C7663D2A496E6000D4BDD3 /* Release */,
			);
			defaultConfigurationIsVisible = 0;
			defaultConfigurationName = Release;
		};
		59C7663E2A496E6000D4BDD3 /* Build configuration list for PBXNativeTarget "QRArtGenerator" */ = {
			isa = XCConfigurationList;
			buildConfigurations = (
				59C7663F2A496E6000D4BDD3 /* Debug */,
				C8197F772A4AC1CF00A727A7 /* Staging */,
				59C766402A496E6000D4BDD3 /* Release */,
			);
			defaultConfigurationIsVisible = 0;
			defaultConfigurationName = Release;
		};
		59C766412A496E6000D4BDD3 /* Build configuration list for PBXNativeTarget "QRArtGeneratorTests" */ = {
			isa = XCConfigurationList;
			buildConfigurations = (
				59C766422A496E6000D4BDD3 /* Debug */,
				C8197F782A4AC1CF00A727A7 /* Staging */,
				59C766432A496E6000D4BDD3 /* Release */,
			);
			defaultConfigurationIsVisible = 0;
			defaultConfigurationName = Release;
		};
		59C766442A496E6000D4BDD3 /* Build configuration list for PBXNativeTarget "QRArtGeneratorUITests" */ = {
			isa = XCConfigurationList;
			buildConfigurations = (
				59C766452A496E6000D4BDD3 /* Debug */,
				C8197F792A4AC1CF00A727A7 /* Staging */,
				59C766462A496E6000D4BDD3 /* Release */,
			);
			defaultConfigurationIsVisible = 0;
			defaultConfigurationName = Release;
		};
/* End XCConfigurationList section */
	};
	rootObject = 59C766122A496E5F00D4BDD3 /* Project object */;
}
